
Microsoft Visual Studio Solution File, Format Version 12.00
# Visual Studio Version 17
VisualStudioVersion = 17.5.33424.131
MinimumVisualStudioVersion = 10.0.40219.1
Project("{FAE04EC0-301F-11D3-BF4B-00C04F79EFBC}") = "Dino Endless Running Game", "Dino Endless Running Game\Dino Endless Running Game.csproj", "{329A1791-EAA2-4ACB-9D32-A5E6DF495654}"
EndProject
Global
	GlobalSection(SolutionConfigurationPlatforms) = preSolution
		Debug|Any CPU = Debug|Any CPU
		Release|Any CPU = Release|Any CPU
	EndGlobalSection
	GlobalSection(ProjectConfigurationPlatforms) = postSolution
		{329A1791-EAA2-4ACB-9D32-A5E6DF495654}.Debug|Any CPU.ActiveCfg = Debug|Any CPU
		{329A1791-EAA2-4ACB-9D32-A5E6DF495654}.Debug|Any CPU.Build.0 = Debug|Any CPU
		{329A1791-EAA2-4ACB-9D32-A5E6DF495654}.Release|Any CPU.ActiveCfg = Release|Any CPU
		{329A1791-EAA2-4ACB-9D32-A5E6DF495654}.Release|Any CPU.Build.0 = Release|Any CPU
	EndGlobalSection
	GlobalSection(SolutionProperties) = preSolution
		HideSolutionNode = FALSE
	EndGlobalSection
	GlobalSection(ExtensibilityGlobals) = postSolution
		SolutionGuid = {A0DE6DD3-ACF1-4424-8C31-650F9832DE55}
	EndGlobalSection
EndGlobal
